// !$*UTF8*$!
{
	archiveVersion = 1;
	classes = {
	};
	objectVersion = 50;
	objects = {

/* Begin PBXBuildFile section */
		A5062A3126551F42008F33FE /* AppDelegate.swift in Sources */ = {isa = PBXBuildFile; fileRef = A5062A3026551F42008F33FE /* AppDelegate.swift */; };
		A5062A3326551F42008F33FE /* SceneDelegate.swift in Sources */ = {isa = PBXBuildFile; fileRef = A5062A3226551F42008F33FE /* SceneDelegate.swift */; };
		A5062A3526551F42008F33FE /* ViewController.swift in Sources */ = {isa = PBXBuildFile; fileRef = A5062A3426551F42008F33FE /* ViewController.swift */; };
		A5062A3826551F42008F33FE /* Main.storyboard in Resources */ = {isa = PBXBuildFile; fileRef = A5062A3626551F42008F33FE /* Main.storyboard */; };
		A5062A3A26551F43008F33FE /* Assets.xcassets in Resources */ = {isa = PBXBuildFile; fileRef = A5062A3926551F43008F33FE /* Assets.xcassets */; };
		A5062A3D26551F43008F33FE /* LaunchScreen.storyboard in Resources */ = {isa = PBXBuildFile; fileRef = A5062A3B26551F43008F33FE /* LaunchScreen.storyboard */; };
		A5062A4826551F43008F33FE /* ConcentrationTests.swift in Sources */ = {isa = PBXBuildFile; fileRef = A5062A4726551F43008F33FE /* ConcentrationTests.swift */; };
		A5062A5326551F44008F33FE /* ConcentrationUITests.swift in Sources */ = {isa = PBXBuildFile; fileRef = A5062A5226551F44008F33FE /* ConcentrationUITests.swift */; };
		A5062A6126552E98008F33FE /* Card.swift in Sources */ = {isa = PBXBuildFile; fileRef = A5062A6026552E98008F33FE /* Card.swift */; };
		A5062A6326552EB4008F33FE /* ConcentrationGame.swift in Sources */ = {isa = PBXBuildFile; fileRef = A5062A6226552EB4008F33FE /* ConcentrationGame.swift */; };
/* End PBXBuildFile section */

/* Begin PBXContainerItemProxy section */
		A5062A4426551F43008F33FE /* PBXContainerItemProxy */ = {
			isa = PBXContainerItemProxy;
			containerPortal = A5062A2526551F42008F33FE /* Project object */;
			proxyType = 1;
			remoteGlobalIDString = A5062A2C26551F42008F33FE;
			remoteInfo = Concentration;
		};
		A5062A4F26551F44008F33FE /* PBXContainerItemProxy */ = {
			isa = PBXContainerItemProxy;
			containerPortal = A5062A2526551F42008F33FE /* Project object */;
			proxyType = 1;
			remoteGlobalIDString = A5062A2C26551F42008F33FE;
			remoteInfo = Concentration;
		};
/* End PBXContainerItemProxy section */

/* Begin PBXFileReference section */
		A5062A2D26551F42008F33FE /* Concentration.app */ = {isa = PBXFileReference; explicitFileType = wrapper.application; includeInIndex = 0; path = Concentration.app; sourceTree = BUILT_PRODUCTS_DIR; };
		A5062A3026551F42008F33FE /* AppDelegate.swift */ = {isa = PBXFileReference; lastKnownFileType = sourcecode.swift; path = AppDelegate.swift; sourceTree = "<group>"; };
		A5062A3226551F42008F33FE /* SceneDelegate.swift */ = {isa = PBXFileReference; lastKnownFileType = sourcecode.swift; path = SceneDelegate.swift; sourceTree = "<group>"; };
		A5062A3426551F42008F33FE /* ViewController.swift */ = {isa = PBXFileReference; lastKnownFileType = sourcecode.swift; path = ViewController.swift; sourceTree = "<group>"; };
		A5062A3726551F42008F33FE /* Base */ = {isa = PBXFileReference; lastKnownFileType = file.storyboard; name = Base; path = Base.lproj/Main.storyboard; sourceTree = "<group>"; };
		A5062A3926551F43008F33FE /* Assets.xcassets */ = {isa = PBXFileReference; lastKnownFileType = folder.assetcatalog; path = Assets.xcassets; sourceTree = "<group>"; };
		A5062A3C26551F43008F33FE /* Base */ = {isa = PBXFileReference; lastKnownFileType = file.storyboard; name = Base; path = Base.lproj/LaunchScreen.storyboard; sourceTree = "<group>"; };
		A5062A3E26551F43008F33FE /* Info.plist */ = {isa = PBXFileReference; lastKnownFileType = text.plist.xml; path = Info.plist; sourceTree = "<group>"; };
		A5062A4326551F43008F33FE /* ConcentrationTests.xctest */ = {isa = PBXFileReference; explicitFileType = wrapper.cfbundle; includeInIndex = 0; path = ConcentrationTests.xctest; sourceTree = BUILT_PRODUCTS_DIR; };
		A5062A4726551F43008F33FE /* ConcentrationTests.swift */ = {isa = PBXFileReference; lastKnownFileType = sourcecode.swift; path = ConcentrationTests.swift; sourceTree = "<group>"; };
		A5062A4926551F43008F33FE /* Info.plist */ = {isa = PBXFileReference; lastKnownFileType = text.plist.xml; path = Info.plist; sourceTree = "<group>"; };
		A5062A4E26551F44008F33FE /* ConcentrationUITests.xctest */ = {isa = PBXFileReference; explicitFileType = wrapper.cfbundle; includeInIndex = 0; path = ConcentrationUITests.xctest; sourceTree = BUILT_PRODUCTS_DIR; };
		A5062A5226551F44008F33FE /* ConcentrationUITests.swift */ = {isa = PBXFileReference; lastKnownFileType = sourcecode.swift; path = ConcentrationUITests.swift; sourceTree = "<group>"; };
		A5062A5426551F44008F33FE /* Info.plist */ = {isa = PBXFileReference; lastKnownFileType = text.plist.xml; path = Info.plist; sourceTree = "<group>"; };
		A5062A6026552E98008F33FE /* Card.swift */ = {isa = PBXFileReference; lastKnownFileType = sourcecode.swift; path = Card.swift; sourceTree = "<group>"; };
		A5062A6226552EB4008F33FE /* ConcentrationGame.swift */ = {isa = PBXFileReference; lastKnownFileType = sourcecode.swift; path = ConcentrationGame.swift; sourceTree = "<group>"; };
/* End PBXFileReference section */

/* Begin PBXFrameworksBuildPhase section */
		A5062A2A26551F42008F33FE /* Frameworks */ = {
			isa = PBXFrameworksBuildPhase;
			buildActionMask = 2147483647;
			files = (
			);
			runOnlyForDeploymentPostprocessing = 0;
		};
		A5062A4026551F43008F33FE /* Frameworks */ = {
			isa = PBXFrameworksBuildPhase;
			buildActionMask = 2147483647;
			files = (
			);
			runOnlyForDeploymentPostprocessing = 0;
		};
		A5062A4B26551F44008F33FE /* Frameworks */ = {
			isa = PBXFrameworksBuildPhase;
			buildActionMask = 2147483647;
			files = (
			);
			runOnlyForDeploymentPostprocessing = 0;
		};
/* End PBXFrameworksBuildPhase section */

/* Begin PBXGroup section */
		A5062A2426551F42008F33FE = {
			isa = PBXGroup;
			children = (
				A5062A2F26551F42008F33FE /* Concentration */,
				A5062A4626551F43008F33FE /* ConcentrationTests */,
				A5062A5126551F44008F33FE /* ConcentrationUITests */,
				A5062A2E26551F42008F33FE /* Products */,
			);
			sourceTree = "<group>";
		};
		A5062A2E26551F42008F33FE /* Products */ = {
			isa = PBXGroup;
			children = (
				A5062A2D26551F42008F33FE /* Concentration.app */,
				A5062A4326551F43008F33FE /* ConcentrationTests.xctest */,
				A5062A4E26551F44008F33FE /* ConcentrationUITests.xctest */,
			);
			name = Products;
			sourceTree = "<group>";
		};
		A5062A2F26551F42008F33FE /* Concentration */ = {
			isa = PBXGroup;
			children = (
				A5062A3026551F42008F33FE /* AppDelegate.swift */,
				A5062A3226551F42008F33FE /* SceneDelegate.swift */,
				A5062A3426551F42008F33FE /* ViewController.swift */,
				A5062A3626551F42008F33FE /* Main.storyboard */,
				A5062A3926551F43008F33FE /* Assets.xcassets */,
				A5062A3B26551F43008F33FE /* LaunchScreen.storyboard */,
				A5062A3E26551F43008F33FE /* Info.plist */,
				A5062A6026552E98008F33FE /* Card.swift */,
				A5062A6226552EB4008F33FE /* ConcentrationGame.swift */,
			);
			path = Concentration;
			sourceTree = "<group>";
		};
		A5062A4626551F43008F33FE /* ConcentrationTests */ = {
			isa = PBXGroup;
			children = (
				A5062A4726551F43008F33FE /* ConcentrationTests.swift */,
				A5062A4926551F43008F33FE /* Info.plist */,
			);
			path = ConcentrationTests;
			sourceTree = "<group>";
		};
		A5062A5126551F44008F33FE /* ConcentrationUITests */ = {
			isa = PBXGroup;
			children = (
				A5062A5226551F44008F33FE /* ConcentrationUITests.swift */,
				A5062A5426551F44008F33FE /* Info.plist */,
			);
			path = ConcentrationUITests;
			sourceTree = "<group>";
		};
/* End PBXGroup section */

/* Begin PBXNativeTarget section */
		A5062A2C26551F42008F33FE /* Concentration */ = {
			isa = PBXNativeTarget;
			buildConfigurationList = A5062A5726551F44008F33FE /* Build configuration list for PBXNativeTarget "Concentration" */;
			buildPhases = (
				A5062A2926551F42008F33FE /* Sources */,
				A5062A2A26551F42008F33FE /* Frameworks */,
				A5062A2B26551F42008F33FE /* Resources */,
			);
			buildRules = (
			);
			dependencies = (
			);
			name = Concentration;
			productName = Concentration;
			productReference = A5062A2D26551F42008F33FE /* Concentration.app */;
			productType = "com.apple.product-type.application";
		};
		A5062A4226551F43008F33FE /* ConcentrationTests */ = {
			isa = PBXNativeTarget;
			buildConfigurationList = A5062A5A26551F44008F33FE /* Build configuration list for PBXNativeTarget "ConcentrationTests" */;
			buildPhases = (
				A5062A3F26551F43008F33FE /* Sources */,
				A5062A4026551F43008F33FE /* Frameworks */,
				A5062A4126551F43008F33FE /* Resources */,
			);
			buildRules = (
			);
			dependencies = (
				A5062A4526551F43008F33FE /* PBXTargetDependency */,
			);
			name = ConcentrationTests;
			productName = ConcentrationTests;
			productReference = A5062A4326551F43008F33FE /* ConcentrationTests.xctest */;
			productType = "com.apple.product-type.bundle.unit-test";
		};
		A5062A4D26551F44008F33FE /* ConcentrationUITests */ = {
			isa = PBXNativeTarget;
			buildConfigurationList = A5062A5D26551F44008F33FE /* Build configuration list for PBXNativeTarget "ConcentrationUITests" */;
			buildPhases = (
				A5062A4A26551F44008F33FE /* Sources */,
				A5062A4B26551F44008F33FE /* Frameworks */,
				A5062A4C26551F44008F33FE /* Resources */,
			);
			buildRules = (
			);
			dependencies = (
				A5062A5026551F44008F33FE /* PBXTargetDependency */,
			);
			name = ConcentrationUITests;
			productName = ConcentrationUITests;
			productReference = A5062A4E26551F44008F33FE /* ConcentrationUITests.xctest */;
			productType = "com.apple.product-type.bundle.ui-testing";
		};
/* End PBXNativeTarget section */

/* Begin PBXProject section */
		A5062A2526551F42008F33FE /* Project object */ = {
			isa = PBXProject;
			attributes = {
				LastSwiftUpdateCheck = 1250;
				LastUpgradeCheck = 1250;
				TargetAttributes = {
					A5062A2C26551F42008F33FE = {
						CreatedOnToolsVersion = 12.5;
					};
					A5062A4226551F43008F33FE = {
						CreatedOnToolsVersion = 12.5;
						TestTargetID = A5062A2C26551F42008F33FE;
					};
					A5062A4D26551F44008F33FE = {
						CreatedOnToolsVersion = 12.5;
						TestTargetID = A5062A2C26551F42008F33FE;
					};
				};
			};
			buildConfigurationList = A5062A2826551F42008F33FE /* Build configuration list for PBXProject "Concentration" */;
			compatibilityVersion = "Xcode 9.3";
			developmentRegion = en;
			hasScannedForEncodings = 0;
			knownRegions = (
				en,
				Base,
			);
			mainGroup = A5062A2426551F42008F33FE;
			productRefGroup = A5062A2E26551F42008F33FE /* Products */;
			projectDirPath = "";
			projectRoot = "";
			targets = (
				A5062A2C26551F42008F33FE /* Concentration */,
				A5062A4226551F43008F33FE /* ConcentrationTests */,
				A5062A4D26551F44008F33FE /* ConcentrationUITests */,
			);
		};
/* End PBXProject section */

/* Begin PBXResourcesBuildPhase section */
		A5062A2B26551F42008F33FE /* Resources */ = {
			isa = PBXResourcesBuildPhase;
			buildActionMask = 2147483647;
			files = (
				A5062A3D26551F43008F33FE /* LaunchScreen.storyboard in Resources */,
				A5062A3A26551F43008F33FE /* Assets.xcassets in Resources */,
				A5062A3826551F42008F33FE /* Main.storyboard in Resources */,
			);
			runOnlyForDeploymentPostprocessing = 0;
		};
		A5062A4126551F43008F33FE /* Resources */ = {
			isa = PBXResourcesBuildPhase;
			buildActionMask = 2147483647;
			files = (
			);
			runOnlyForDeploymentPostprocessing = 0;
		};
		A5062A4C26551F44008F33FE /* Resources */ = {
			isa = PBXResourcesBuildPhase;
			buildActionMask = 2147483647;
			files = (
			);
			runOnlyForDeploymentPostprocessing = 0;
		};
/* End PBXResourcesBuildPhase section */

/* Begin PBXSourcesBuildPhase section */
		A5062A2926551F42008F33FE /* Sources */ = {
			isa = PBXSourcesBuildPhase;
			buildActionMask = 2147483647;
			files = (
				A5062A3526551F42008F33FE /* ViewController.swift in Sources */,
				A5062A3126551F42008F33FE /* AppDelegate.swift in Sources */,
				A5062A6326552EB4008F33FE /* ConcentrationGame.swift in Sources */,
				A5062A3326551F42008F33FE /* SceneDelegate.swift in Sources */,
				A5062A6126552E98008F33FE /* Card.swift in Sources */,
			);
			runOnlyForDeploymentPostprocessing = 0;
		};
		A5062A3F26551F43008F33FE /* Sources */ = {
			isa = PBXSourcesBuildPhase;
			buildActionMask = 2147483647;
			files = (
				A5062A4826551F43008F33FE /* ConcentrationTests.swift in Sources */,
			);
			runOnlyForDeploymentPostprocessing = 0;
		};
		A5062A4A26551F44008F33FE /* Sources */ = {
			isa = PBXSourcesBuildPhase;
			buildActionMask = 2147483647;
			files = (
				A5062A5326551F44008F33FE /* ConcentrationUITests.swift in Sources */,
			);
			runOnlyForDeploymentPostprocessing = 0;
		};
/* End PBXSourcesBuildPhase section */

/* Begin PBXTargetDependency section */
		A5062A4526551F43008F33FE /* PBXTargetDependency */ = {
			isa = PBXTargetDependency;
			target = A5062A2C26551F42008F33FE /* Concentration */;
			targetProxy = A5062A4426551F43008F33FE /* PBXContainerItemProxy */;
		};
		A5062A5026551F44008F33FE /* PBXTargetDependency */ = {
			isa = PBXTargetDependency;
			target = A5062A2C26551F42008F33FE /* Concentration */;
			targetProxy = A5062A4F26551F44008F33FE /* PBXContainerItemProxy */;
		};
/* End PBXTargetDependency section */

/* Begin PBXVariantGroup section */
		A5062A3626551F42008F33FE /* Main.storyboard */ = {
			isa = PBXVariantGroup;
			children = (
				A5062A3726551F42008F33FE /* Base */,
			);
			name = Main.storyboard;
			sourceTree = "<group>";
		};
		A5062A3B26551F43008F33FE /* LaunchScreen.storyboard */ = {
			isa = PBXVariantGroup;
			children = (
				A5062A3C26551F43008F33FE /* Base */,
			);
			name = LaunchScreen.storyboard;
			sourceTree = "<group>";
		};
/* End PBXVariantGroup section */

/* Begin XCBuildConfiguration section */
		A5062A5526551F44008F33FE /* Debug */ = {
			isa = XCBuildConfiguration;
			buildSettings = {
				ALWAYS_SEARCH_USER_PATHS = NO;
				CLANG_ANALYZER_NONNULL = YES;
				CLANG_ANALYZER_NUMBER_OBJECT_CONVERSION = YES_AGGRESSIVE;
				CLANG_CXX_LANGUAGE_STANDARD = "gnu++14";
				CLANG_CXX_LIBRARY = "libc++";
				CLANG_ENABLE_MODULES = YES;
				CLANG_ENABLE_OBJC_ARC = YES;
				CLANG_ENABLE_OBJC_WEAK = YES;
				CLANG_WARN_BLOCK_CAPTURE_AUTORELEASING = YES;
				CLANG_WARN_BOOL_CONVERSION = YES;
				CLANG_WARN_COMMA = YES;
				CLANG_WARN_CONSTANT_CONVERSION = YES;
				CLANG_WARN_DEPRECATED_OBJC_IMPLEMENTATIONS = YES;
				CLANG_WARN_DIRECT_OBJC_ISA_USAGE = YES_ERROR;
				CLANG_WARN_DOCUMENTATION_COMMENTS = YES;
				CLANG_WARN_EMPTY_BODY = YES;
				CLANG_WARN_ENUM_CONVERSION = YES;
				CLANG_WARN_INFINITE_RECURSION = YES;
				CLANG_WARN_INT_CONVERSION = YES;
				CLANG_WARN_NON_LITERAL_NULL_CONVERSION = YES;
				CLANG_WARN_OBJC_IMPLICIT_RETAIN_SELF = YES;
				CLANG_WARN_OBJC_LITERAL_CONVERSION = YES;
				CLANG_WARN_OBJC_ROOT_CLASS = YES_ERROR;
				CLANG_WARN_QUOTED_INCLUDE_IN_FRAMEWORK_HEADER = YES;
				CLANG_WARN_RANGE_LOOP_ANALYSIS = YES;
				CLANG_WARN_STRICT_PROTOTYPES = YES;
				CLANG_WARN_SUSPICIOUS_MOVE = YES;
				CLANG_WARN_UNGUARDED_AVAILABILITY = YES_AGGRESSIVE;
				CLANG_WARN_UNREACHABLE_CODE = YES;
				CLANG_WARN__DUPLICATE_METHOD_MATCH = YES;
				COPY_PHASE_STRIP = NO;
				DEBUG_INFORMATION_FORMAT = dwarf;
				ENABLE_STRICT_OBJC_MSGSEND = YES;
				ENABLE_TESTABILITY = YES;
				GCC_C_LANGUAGE_STANDARD = gnu11;
				GCC_DYNAMIC_NO_PIC = NO;
				GCC_NO_COMMON_BLOCKS = YES;
				GCC_OPTIMIZATION_LEVEL = 0;
				GCC_PREPROCESSOR_DEFINITIONS = (
					"DEBUG=1",
					"$(inherited)",
				);
				GCC_WARN_64_TO_32_BIT_CONVERSION = YES;
				GCC_WARN_ABOUT_RETURN_TYPE = YES_ERROR;
				GCC_WARN_UNDECLARED_SELECTOR = YES;
				GCC_WARN_UNINITIALIZED_AUTOS = YES_AGGRESSIVE;
				GCC_WARN_UNUSED_FUNCTION = YES;
				GCC_WARN_UNUSED_VARIABLE = YES;
				IPHONEOS_DEPLOYMENT_TARGET = 14.5;
				MTL_ENABLE_DEBUG_INFO = INCLUDE_SOURCE;
				MTL_FAST_MATH = YES;
				ONLY_ACTIVE_ARCH = YES;
				SDKROOT = iphoneos;
				SWIFT_ACTIVE_COMPILATION_CONDITIONS = DEBUG;
				SWIFT_OPTIMIZATION_LEVEL = "-Onone";
			};
			name = Debug;
		};
		A5062A5626551F44008F33FE /* Release */ = {
			isa = XCBuildConfiguration;
			buildSettings = {
				ALWAYS_SEARCH_USER_PATHS = NO;
				CLANG_ANALYZER_NONNULL = YES;
				CLANG_ANALYZER_NUMBER_OBJECT_CONVERSION = YES_AGGRESSIVE;
				CLANG_CXX_LANGUAGE_STANDARD = "gnu++14";
				CLANG_CXX_LIBRARY = "libc++";
				CLANG_ENABLE_MODULES = YES;
				CLANG_ENABLE_OBJC_ARC = YES;
				CLANG_ENABLE_OBJC_WEAK = YES;
				CLANG_WARN_BLOCK_CAPTURE_AUTORELEASING = YES;
				CLANG_WARN_BOOL_CONVERSION = YES;
				CLANG_WARN_COMMA = YES;
				CLANG_WARN_CONSTANT_CONVERSION = YES;
				CLANG_WARN_DEPRECATED_OBJC_IMPLEMENTATIONS = YES;
				CLANG_WARN_DIRECT_OBJC_ISA_USAGE = YES_ERROR;
				CLANG_WARN_DOCUMENTATION_COMMENTS = YES;
				CLANG_WARN_EMPTY_BODY = YES;
				CLANG_WARN_ENUM_CONVERSION = YES;
				CLANG_WARN_INFINITE_RECURSION = YES;
				CLANG_WARN_INT_CONVERSION = YES;
				CLANG_WARN_NON_LITERAL_NULL_CONVERSION = YES;
				CLANG_WARN_OBJC_IMPLICIT_RETAIN_SELF = YES;
				CLANG_WARN_OBJC_LITERAL_CONVERSION = YES;
				CLANG_WARN_OBJC_ROOT_CLASS = YES_ERROR;
				CLANG_WARN_QUOTED_INCLUDE_IN_FRAMEWORK_HEADER = YES;
				CLANG_WARN_RANGE_LOOP_ANALYSIS = YES;
				CLANG_WARN_STRICT_PROTOTYPES = YES;
				CLANG_WARN_SUSPICIOUS_MOVE = YES;
				CLANG_WARN_UNGUARDED_AVAILABILITY = YES_AGGRESSIVE;
				CLANG_WARN_UNREACHABLE_CODE = YES;
				CLANG_WARN__DUPLICATE_METHOD_MATCH = YES;
				COPY_PHASE_STRIP = NO;
				DEBUG_INFORMATION_FORMAT = "dwarf-with-dsym";
				ENABLE_NS_ASSERTIONS = NO;
				ENABLE_STRICT_OBJC_MSGSEND = YES;
				GCC_C_LANGUAGE_STANDARD = gnu11;
				GCC_NO_COMMON_BLOCKS = YES;
				GCC_WARN_64_TO_32_BIT_CONVERSION = YES;
				GCC_WARN_ABOUT_RETURN_TYPE = YES_ERROR;
				GCC_WARN_UNDECLARED_SELECTOR = YES;
				GCC_WARN_UNINITIALIZED_AUTOS = YES_AGGRESSIVE;
				GCC_WARN_UNUSED_FUNCTION = YES;
				GCC_WARN_UNUSED_VARIABLE = YES;
				IPHONEOS_DEPLOYMENT_TARGET = 14.5;
				MTL_ENABLE_DEBUG_INFO = NO;
				MTL_FAST_MATH = YES;
				SDKROOT = iphoneos;
				SWIFT_COMPILATION_MODE = wholemodule;
				SWIFT_OPTIMIZATION_LEVEL = "-O";
				VALIDATE_PRODUCT = YES;
			};
			name = Release;
		};
		A5062A5826551F44008F33FE /* Debug */ = {
			isa = XCBuildConfiguration;
			buildSettings = {
				ASSETCATALOG_COMPILER_APPICON_NAME = AppIcon;
				ASSETCATALOG_COMPILER_GLOBAL_ACCENT_COLOR_NAME = AccentColor;
				CODE_SIGN_STYLE = Automatic;
				DEVELOPMENT_TEAM = SZKA539B42;
				INFOPLIST_FILE = Concentration/Info.plist;
				LD_RUNPATH_SEARCH_PATHS = (
					"$(inherited)",
					"@executable_path/Frameworks",
				);
				PRODUCT_BUNDLE_IDENTIFIER = com.myrkwillStudio.Concentration;
				PRODUCT_NAME = "$(TARGET_NAME)";
				SWIFT_VERSION = 5.0;
				TARGETED_DEVICE_FAMILY = "1,2";
			};
			name = Debug;
		};
		A5062A5926551F44008F33FE /* Release */ = {
			isa = XCBuildConfiguration;
			buildSettings = {
				ASSETCATALOG_COMPILER_APPICON_NAME = AppIcon;
				ASSETCATALOG_COMPILER_GLOBAL_ACCENT_COLOR_NAME = AccentColor;
				CODE_SIGN_STYLE = Automatic;
				DEVELOPMENT_TEAM = SZKA539B42;
				INFOPLIST_FILE = Concentration/Info.plist;
				LD_RUNPATH_SEARCH_PATHS = (
					"$(inherited)",
					"@executable_path/Frameworks",
				);
				PRODUCT_BUNDLE_IDENTIFIER = com.myrkwillStudio.Concentration;
				PRODUCT_NAME = "$(TARGET_NAME)";
				SWIFT_VERSION = 5.0;
				TARGETED_DEVICE_FAMILY = "1,2";
			};
			name = Release;
		};
		A5062A5B26551F44008F33FE /* Debug */ = {
			isa = XCBuildConfiguration;
			buildSettings = {
				ALWAYS_EMBED_SWIFT_STANDARD_LIBRARIES = YES;
				BUNDLE_LOADER = "$(TEST_HOST)";
				CODE_SIGN_STYLE = Automatic;
				DEVELOPMENT_TEAM = SZKA539B42;
				INFOPLIST_FILE = ConcentrationTests/Info.plist;
				IPHONEOS_DEPLOYMENT_TARGET = 14.5;
				LD_RUNPATH_SEARCH_PATHS = (
					"$(inherited)",
					"@executable_path/Frameworks",
					"@loader_path/Frameworks",
				);
				PRODUCT_BUNDLE_IDENTIFIER = com.myrkwillStudio.ConcentrationTests;
				PRODUCT_NAME = "$(TARGET_NAME)";
				SWIFT_VERSION = 5.0;
				TARGETED_DEVICE_FAMILY = "1,2";
				TEST_HOST = "$(BUILT_PRODUCTS_DIR)/Concentration.app/Concentration";
			};
			name = Debug;
		};
		A5062A5C26551F44008F33FE /* Release */ = {
			isa = XCBuildConfiguration;
			buildSettings = {
				ALWAYS_EMBED_SWIFT_STANDARD_LIBRARIES = YES;
				BUNDLE_LOADER = "$(TEST_HOST)";
				CODE_SIGN_STYLE = Automatic;
				DEVELOPMENT_TEAM = SZKA539B42;
				INFOPLIST_FILE = ConcentrationTests/Info.plist;
				IPHONEOS_DEPLOYMENT_TARGET = 14.5;
				LD_RUNPATH_SEARCH_PATHS = (
					"$(inherited)",
					"@executable_path/Frameworks",
					"@loader_path/Frameworks",
				);
				PRODUCT_BUNDLE_IDENTIFIER = com.myrkwillStudio.ConcentrationTests;
				PRODUCT_NAME = "$(TARGET_NAME)";
				SWIFT_VERSION = 5.0;
				TARGETED_DEVICE_FAMILY = "1,2";
				TEST_HOST = "$(BUILT_PRODUCTS_DIR)/Concentration.app/Concentration";
			};
			name = Release;
		};
		A5062A5E26551F44008F33FE /* Debug */ = {
			isa = XCBuildConfiguration;
			buildSettings = {
				ALWAYS_EMBED_SWIFT_STANDARD_LIBRARIES = YES;
				CODE_SIGN_STYLE = Automatic;
				DEVELOPMENT_TEAM = SZKA539B42;
				INFOPLIST_FILE = ConcentrationUITests/Info.plist;
				LD_RUNPATH_SEARCH_PATHS = (
					"$(inherited)",
					"@executable_path/Frameworks",
					"@loader_path/Frameworks",
				);
				PRODUCT_BUNDLE_IDENTIFIER = com.myrkwillStudio.ConcentrationUITests;
				PRODUCT_NAME = "$(TARGET_NAME)";
				SWIFT_VERSION = 5.0;
				TARGETED_DEVICE_FAMILY = "1,2";
				TEST_TARGET_NAME = Concentration;
			};
			name = Debug;
		};
		A5062A5F26551F44008F33FE /* Release */ = {
			isa = XCBuildConfiguration;
			buildSettings = {
				ALWAYS_EMBED_SWIFT_STANDARD_LIBRARIES = YES;
				CODE_SIGN_STYLE = Automatic;
				DEVELOPMENT_TEAM = SZKA539B42;
				INFOPLIST_FILE = ConcentrationUITests/Info.plist;
				LD_RUNPATH_SEARCH_PATHS = (
					"$(inherited)",
					"@executable_path/Frameworks",
					"@loader_path/Frameworks",
				);
				PRODUCT_BUNDLE_IDENTIFIER = com.myrkwillStudio.ConcentrationUITests;
				PRODUCT_NAME = "$(TARGET_NAME)";
				SWIFT_VERSION = 5.0;
				TARGETED_DEVICE_FAMILY = "1,2";
				TEST_TARGET_NAME = Concentration;
			};
			name = Release;
		};
/* End XCBuildConfiguration section */

/* Begin XCConfigurationList section */
		A5062A2826551F42008F33FE /* Build configuration list for PBXProject "Concentration" */ = {
			isa = XCConfigurationList;
			buildConfigurations = (
				A5062A5526551F44008F33FE /* Debug */,
				A5062A5626551F44008F33FE /* Release */,
			);
			defaultConfigurationIsVisible = 0;
			defaultConfigurationName = Release;
		};
		A5062A5726551F44008F33FE /* Build configuration list for PBXNativeTarget "Concentration" */ = {
			isa = XCConfigurationList;
			buildConfigurations = (
				A5062A5826551F44008F33FE /* Debug */,
				A5062A5926551F44008F33FE /* Release */,
			);
			defaultConfigurationIsVisible = 0;
			defaultConfigurationName = Release;
		};
		A5062A5A26551F44008F33FE /* Build configuration list for PBXNativeTarget "ConcentrationTests" */ = {
			isa = XCConfigurationList;
			buildConfigurations = (
				A5062A5B26551F44008F33FE /* Debug */,
				A5062A5C26551F44008F33FE /* Release */,
			);
			defaultConfigurationIsVisible = 0;
			defaultConfigurationName = Release;
		};
		A5062A5D26551F44008F33FE /* Build configuration list for PBXNativeTarget "ConcentrationUITests" */ = {
			isa = XCConfigurationList;
			buildConfigurations = (
				A5062A5E26551F44008F33FE /* Debug */,
				A5062A5F26551F44008F33FE /* Release */,
			);
			defaultConfigurationIsVisible = 0;
			defaultConfigurationName = Release;
		};
/* End XCConfigurationList section */
	};
	rootObject = A5062A2526551F42008F33FE /* Project object */;
}
